{
  "nodes": {
    "flake-compat": {
      "flake": false,
      "locked": {
        "lastModified": 1717312683,
        "narHash": "sha256-FrlieJH50AuvagamEvWMIE6D2OAnERuDboFDYAED/dE=",
        "owner": "nix-community",
        "repo": "flake-compat",
        "rev": "38fd3954cf65ce6faf3d0d45cd26059e059f07ea",
        "type": "github"
      },
      "original": {
        "owner": "nix-community",
        "repo": "flake-compat",
        "type": "github"
      }
    },
    "fps": {
      "inputs": {
        "nixpkgs": [
          "nixpkgs"
        ],
        "utils": "utils"
      },
      "locked": {
        "lastModified": 1740062665,
        "narHash": "sha256-dq2PDxbd7KVaN1Tcz7gk7oqZUPZ3zx54R6QTOul4bcQ=",
        "owner": "wamserma",
        "repo": "flake-programs-sqlite",
        "rev": "b40fe252398cb4797657e224f89cf530f6177728",
        "type": "github"
      },
      "original": {
        "owner": "wamserma",
        "repo": "flake-programs-sqlite",
        "type": "github"
      }
    },
    "home-manager": {
      "inputs": {
        "nixpkgs": [
          "nixpkgs"
        ]
      },
      "locked": {
        "lastModified": 1740060750,
        "narHash": "sha256-FOC9OzJ5Ckh6VjzGSRh4F3UCUOdM8NrzQT19PQcQJ44=",
        "owner": "nix-community",
        "repo": "home-manager",
        "rev": "0c0b0ac8af6ca76b1fcb514483a9bd73c18f1e8c",
        "type": "github"
      },
      "original": {
        "owner": "nix-community",
        "repo": "home-manager",
        "type": "github"
      }
    },
    "mynixpkgs": {
      "locked": {
        "lastModified": 1740086349,
        "narHash": "sha256-tcCzTPIS2UjMl0XUCRQQfgcNnhIWg3t0kTc5itLni8o=",
        "owner": "DeeKahy",
        "repo": "nixpkgs",
        "rev": "53320afb47ed698c30f286534c890797466a8a0c",
        "type": "github"
      },
      "original": {
        "owner": "DeeKahy",
        "ref": "master",
        "repo": "nixpkgs",
        "type": "github"
      }
    },
    "nixos-cosmic": {
      "inputs": {
        "flake-compat": "flake-compat",
        "nixpkgs": "nixpkgs",
        "nixpkgs-stable": "nixpkgs-stable"
      },
      "locked": {
        "lastModified": 1740079325,
        "narHash": "sha256-C8QeKgqKm9usc2buuQcGSX0N0AclKGa5zl9llMZc1RA=",
        "owner": "lilyinstarlight",
        "repo": "nixos-cosmic",
        "rev": "5a5ad54c54d44fa507aa8167f32a95b0aee4ca70",
        "type": "github"
      },
      "original": {
        "owner": "lilyinstarlight",
        "repo": "nixos-cosmic",
        "type": "github"
      }
    },
    "nixpkgs": {
      "locked": {
        "lastModified": 1739580444,
        "narHash": "sha256-+/bSz4EAVbqz8/HsIGLroF8aNaO8bLRL7WfACN+24g4=",
        "owner": "NixOS",
        "repo": "nixpkgs",
        "rev": "8bb37161a0488b89830168b81c48aed11569cb93",
        "type": "github"
      },
      "original": {
        "owner": "NixOS",
        "ref": "nixos-unstable",
        "repo": "nixpkgs",
        "type": "github"
      }
    },
    "nixpkgs-stable": {
      "locked": {
        "lastModified": 1739624908,
        "narHash": "sha256-f84lBmLl4tkDp1ZU5LBTSFzlxXP4926DVW3KnXrke10=",
        "owner": "NixOS",
        "repo": "nixpkgs",
        "rev": "a60651b217d2e529729cbc7d989c19f3941b9250",
        "type": "github"
      },
      "original": {
        "owner": "NixOS",
        "ref": "nixos-24.11",
        "repo": "nixpkgs",
        "type": "github"
      }
    },
    "root": {
      "inputs": {
        "fps": "fps",
        "home-manager": "home-manager",
        "mynixpkgs": "mynixpkgs",
        "nixos-cosmic": "nixos-cosmic",
        "nixpkgs": [
          "nixos-cosmic",
          "nixpkgs"
        ],
        "stablenixpkgs": "stablenixpkgs"
      }
    },
    "stablenixpkgs": {
      "locked": {
        "lastModified": 1735563628,
        "narHash": "sha256-OnSAY7XDSx7CtDoqNh8jwVwh4xNL/2HaJxGjryLWzX8=",
        "owner": "nixos",
        "repo": "nixpkgs",
        "rev": "b134951a4c9f3c995fd7be05f3243f8ecd65d798",
        "type": "github"
      },
      "original": {
        "owner": "nixos",
        "ref": "nixos-24.05",
        "repo": "nixpkgs",
        "type": "github"
      }
    },
    "utils": {
      "locked": {
        "lastModified": 1678901627,
        "narHash": "sha256-U02riOqrKKzwjsxc/400XnElV+UtPUQWpANPlyazjH0=",
        "owner": "numtide",
        "repo": "flake-utils",
        "rev": "93a2b84fc4b70d9e089d029deacc3583435c2ed6",
        "type": "github"
      },
      "original": {
        "owner": "numtide",
        "repo": "flake-utils",
        "type": "github"
      }
    }
  },
  "root": "root",
  "version": 7
}
